{
  "name": "base58",
  "version": "1.0.0",
  "lockfileVersion": 1,
  "requires": true,
  "dependencies": {
    "base-x": {
      "version": "3.0.8",
      "resolved": "https://registry.npmjs.org/base-x/-/base-x-3.0.8.tgz",
      "integrity": "sha512-Rl/1AWP4J/zRrk54hhlxH4drNxPJXYUaKffODVI53/dAsV4t9fBxyxYKAVPU1XBHxYwOWP9h9H0hM2MVw4YfJA==",
      "requires": {
        "safe-buffer": "^5.0.1"
      }
    },
    "base58": {
      "version": "2.0.1",
      "resolved": "https://registry.npmjs.org/base58/-/base58-2.0.1.tgz",
      "integrity": "sha512-qK6gt2fMSxN2xGOi+btI5oAnXL+vEq0AsHWHhf5jfm2hE6MwmW+2414qF96utV3Xfg3En8hEA9Q4lif4lbXcgw=="
    },
    "base58-js": {
      "version": "1.0.0",
      "resolved": "https://registry.npmjs.org/base58-js/-/base58-js-1.0.0.tgz",
      "integrity": "sha512-izVZ4M54gJYRk7VGsiRatRyUVCUaUDF15earKs3u9sUXlawvTwttC9xitGk8Xzlgib5rDL71WPOe4JsyJu9Scg=="
    },
    "base58encoder": {
      "version": "0.2.0",
      "resolved": "https://registry.npmjs.org/base58encoder/-/base58encoder-0.2.0.tgz",
      "integrity": "sha512-wxts/+aijSKpJYwMTe0+3kY3U8FOZvhfWoj05fYDntu8AHVPDfZx6ewAvuhA8jCy3a2/B9aX9F56jp+v5CETgw==",
      "requires": {
        "base-x": "^3.0.4"
      }
    },
    "safe-buffer": {
      "version": "5.2.1",
      "resolved": "https://registry.npmjs.org/safe-buffer/-/safe-buffer-5.2.1.tgz",
      "integrity": "sha512-rp3So07KcdmmKbGvgaNxQSJr7bGVSVk5S9Eq1F+ppbRo70+YeaDxkw5Dd8NPN+GD6bjnYm2VuPuCXmpuYvmCXQ=="
    }
  }
}
